// !$*UTF8*$!
{
	archiveVersion = 1;
	classes = {
	};
	objectVersion = 50;
	objects = {

/* Begin PBXBuildFile section */
		6C331B0D2553CAD700C88CAA /* SimplePingAdapter.swift in Sources */ = {isa = PBXBuildFile; fileRef = 6C331B092553CAD700C88CAA /* SimplePingAdapter.swift */; };
		6C331B0E2553CAD700C88CAA /* PlainPing.swift in Sources */ = {isa = PBXBuildFile; fileRef = 6C331B0B2553CAD700C88CAA /* PlainPing.swift */; };
		6C331B0F2553CAD700C88CAA /* SimplePing.m in Sources */ = {isa = PBXBuildFile; fileRef = 6C331B0C2553CAD700C88CAA /* SimplePing.m */; };
		6C331B172553D0A500C88CAA /* CloudKit.framework in Frameworks */ = {isa = PBXBuildFile; fileRef = 6C331B162553D0A500C88CAA /* CloudKit.framework */; };
		6C331B192553D1E300C88CAA /* FixedMapView.swift in Sources */ = {isa = PBXBuildFile; fileRef = 6C331B182553D1E300C88CAA /* FixedMapView.swift */; };
		6C331B1D2553D7C300C88CAA /* FinalDataStructure.swift in Sources */ = {isa = PBXBuildFile; fileRef = 6C331B1C2553D7C300C88CAA /* FinalDataStructure.swift */; };
		6C6341AB2558E37F00E98EA8 /* InfoCardView.swift in Sources */ = {isa = PBXBuildFile; fileRef = 6C6341AA2558E37F00E98EA8 /* InfoCardView.swift */; };
		6C6341B02559167800E98EA8 /* MainTabView.swift in Sources */ = {isa = PBXBuildFile; fileRef = 6C6341AF2559167800E98EA8 /* MainTabView.swift */; };
		6CAB8CC825592D3C0010BD81 /* PingListItem.swift in Sources */ = {isa = PBXBuildFile; fileRef = 6CAB8CC725592D3C0010BD81 /* PingListItem.swift */; };
		6CCFD1A52553DD89004F4F4B /* CloudRelatedStuff.swift in Sources */ = {isa = PBXBuildFile; fileRef = 6CCFD1A42553DD89004F4F4B /* CloudRelatedStuff.swift */; };
		6CCFD1B025542BE0004F4F4B /* CoordinateTransformation.m in Sources */ = {isa = PBXBuildFile; fileRef = 6CCFD1AF25542BE0004F4F4B /* CoordinateTransformation.m */; };
		6CCFD24525543B62004F4F4B /* DTMDiffHeatmap.m in Sources */ = {isa = PBXBuildFile; fileRef = 6CCFD20925543B61004F4F4B /* DTMDiffHeatmap.m */; };
		6CCFD24625543B62004F4F4B /* NSValue+MKMapPoint.m in Sources */ = {isa = PBXBuildFile; fileRef = 6CCFD20A25543B61004F4F4B /* NSValue+MKMapPoint.m */; };
		6CCFD24725543B62004F4F4B /* DTMHeatmap.m in Sources */ = {isa = PBXBuildFile; fileRef = 6CCFD20D25543B61004F4F4B /* DTMHeatmap.m */; };
		6CCFD24825543B62004F4F4B /* DTMHeatmapRenderer.m in Sources */ = {isa = PBXBuildFile; fileRef = 6CCFD20F25543B61004F4F4B /* DTMHeatmapRenderer.m */; };
		6CCFD2B725543BD1004F4F4B /* DTMDiffColorProvider.m in Sources */ = {isa = PBXBuildFile; fileRef = 6CCFD2B425543BD1004F4F4B /* DTMDiffColorProvider.m */; };
		6CCFD2B825543BD1004F4F4B /* DTMColorProvider.m in Sources */ = {isa = PBXBuildFile; fileRef = 6CCFD2B525543BD1004F4F4B /* DTMColorProvider.m */; };
		6CD7C7C325503B8D003F7B42 /* AppDelegate.swift in Sources */ = {isa = PBXBuildFile; fileRef = 6CD7C7C225503B8D003F7B42 /* AppDelegate.swift */; };
		6CD7C7C525503B8D003F7B42 /* SceneDelegate.swift in Sources */ = {isa = PBXBuildFile; fileRef = 6CD7C7C425503B8D003F7B42 /* SceneDelegate.swift */; };
		6CD7C7C725503B8D003F7B42 /* ContentView.swift in Sources */ = {isa = PBXBuildFile; fileRef = 6CD7C7C625503B8D003F7B42 /* ContentView.swift */; };
		6CD7C7C925503B9C003F7B42 /* Assets.xcassets in Resources */ = {isa = PBXBuildFile; fileRef = 6CD7C7C825503B9C003F7B42 /* Assets.xcassets */; };
		6CD7C7CC25503B9C003F7B42 /* Preview Assets.xcassets in Resources */ = {isa = PBXBuildFile; fileRef = 6CD7C7CB25503B9C003F7B42 /* Preview Assets.xcassets */; };
		6CD7C7CF25503B9C003F7B42 /* LaunchScreen.storyboard in Resources */ = {isa = PBXBuildFile; fileRef = 6CD7C7CD25503B9C003F7B42 /* LaunchScreen.storyboard */; };
		6CD7C7DD2550422E003F7B42 /* UIDevice.swift in Sources */ = {isa = PBXBuildFile; fileRef = 6CD7C7DC2550422E003F7B42 /* UIDevice.swift */; };
		6CD7C7E02550423B003F7B42 /* InteractiveMapView.swift in Sources */ = {isa = PBXBuildFile; fileRef = 6CD7C7DF2550423B003F7B42 /* InteractiveMapView.swift */; };
		6CD7C7E325504249003F7B42 /* LocationManager.swift in Sources */ = {isa = PBXBuildFile; fileRef = 6CD7C7E225504249003F7B42 /* LocationManager.swift */; };
		6CD7C7E625504349003F7B42 /* CellularAndWifiInformation.swift in Sources */ = {isa = PBXBuildFile; fileRef = 6CD7C7E525504349003F7B42 /* CellularAndWifiInformation.swift */; };
		6CD7C7E925510C96003F7B42 /* DetailedView.swift in Sources */ = {isa = PBXBuildFile; fileRef = 6CD7C7E825510C96003F7B42 /* DetailedView.swift */; };
/* End PBXBuildFile section */

/* Begin PBXCopyFilesBuildPhase section */
		6C649F19255D23EA00C4423C /* Embed App Clips */ = {
			isa = PBXCopyFilesBuildPhase;
			buildActionMask = 2147483647;
			dstPath = "$(CONTENTS_FOLDER_PATH)/AppClips";
			dstSubfolderSpec = 16;
			files = (
			);
			name = "Embed App Clips";
			runOnlyForDeploymentPostprocessing = 0;
		};
/* End PBXCopyFilesBuildPhase section */

/* Begin PBXFileReference section */
		6C331AF62552D17A00C88CAA /* CellularInfo-Bridging-Header.h */ = {isa = PBXFileReference; lastKnownFileType = sourcecode.c.h; path = "CellularInfo-Bridging-Header.h"; sourceTree = "<group>"; };
		6C331B092553CAD700C88CAA /* SimplePingAdapter.swift */ = {isa = PBXFileReference; fileEncoding = 4; lastKnownFileType = sourcecode.swift; path = SimplePingAdapter.swift; sourceTree = "<group>"; };
		6C331B0A2553CAD700C88CAA /* SimplePing.h */ = {isa = PBXFileReference; fileEncoding = 4; lastKnownFileType = sourcecode.c.h; path = SimplePing.h; sourceTree = "<group>"; };
		6C331B0B2553CAD700C88CAA /* PlainPing.swift */ = {isa = PBXFileReference; fileEncoding = 4; lastKnownFileType = sourcecode.swift; name = PlainPing.swift; path = CellularInfo/PlainPing/PlainPing.swift; sourceTree = SOURCE_ROOT; };
		6C331B0C2553CAD700C88CAA /* SimplePing.m */ = {isa = PBXFileReference; fileEncoding = 4; lastKnownFileType = sourcecode.c.objc; path = SimplePing.m; sourceTree = "<group>"; };
		6C331B162553D0A500C88CAA /* CloudKit.framework */ = {isa = PBXFileReference; lastKnownFileType = wrapper.framework; name = CloudKit.framework; path = System/Library/Frameworks/CloudKit.framework; sourceTree = SDKROOT; };
		6C331B182553D1E300C88CAA /* FixedMapView.swift */ = {isa = PBXFileReference; lastKnownFileType = sourcecode.swift; path = FixedMapView.swift; sourceTree = "<group>"; };
		6C331B1C2553D7C300C88CAA /* FinalDataStructure.swift */ = {isa = PBXFileReference; lastKnownFileType = sourcecode.swift; path = FinalDataStructure.swift; sourceTree = "<group>"; };
		6C6341AA2558E37F00E98EA8 /* InfoCardView.swift */ = {isa = PBXFileReference; lastKnownFileType = sourcecode.swift; path = InfoCardView.swift; sourceTree = "<group>"; };
		6C6341AF2559167800E98EA8 /* MainTabView.swift */ = {isa = PBXFileReference; lastKnownFileType = sourcecode.swift; path = MainTabView.swift; sourceTree = "<group>"; };
		6CAB8CC725592D3C0010BD81 /* PingListItem.swift */ = {isa = PBXFileReference; lastKnownFileType = sourcecode.swift; path = PingListItem.swift; sourceTree = "<group>"; };
		6CCFD1A42553DD89004F4F4B /* CloudRelatedStuff.swift */ = {isa = PBXFileReference; lastKnownFileType = sourcecode.swift; path = CloudRelatedStuff.swift; sourceTree = "<group>"; };
		6CCFD1AE25542B96004F4F4B /* CoordinateTransformation.h */ = {isa = PBXFileReference; lastKnownFileType = sourcecode.c.h; path = CoordinateTransformation.h; sourceTree = "<group>"; };
		6CCFD1AF25542BE0004F4F4B /* CoordinateTransformation.m */ = {isa = PBXFileReference; lastKnownFileType = sourcecode.c.objc; path = CoordinateTransformation.m; sourceTree = "<group>"; };
		6CCFD20725543B61004F4F4B /* DTMHeatmapRenderer.h */ = {isa = PBXFileReference; fileEncoding = 4; lastKnownFileType = sourcecode.c.h; path = DTMHeatmapRenderer.h; sourceTree = "<group>"; };
		6CCFD20925543B61004F4F4B /* DTMDiffHeatmap.m */ = {isa = PBXFileReference; fileEncoding = 4; lastKnownFileType = sourcecode.c.objc; path = DTMDiffHeatmap.m; sourceTree = "<group>"; };
		6CCFD20A25543B61004F4F4B /* NSValue+MKMapPoint.m */ = {isa = PBXFileReference; fileEncoding = 4; lastKnownFileType = sourcecode.c.objc; path = "NSValue+MKMapPoint.m"; sourceTree = "<group>"; };
		6CCFD20B25543B61004F4F4B /* DTMHeatmap.h */ = {isa = PBXFileReference; fileEncoding = 4; lastKnownFileType = sourcecode.c.h; path = DTMHeatmap.h; sourceTree = "<group>"; };
		6CCFD20C25543B61004F4F4B /* DTMDiffHeatmap.h */ = {isa = PBXFileReference; fileEncoding = 4; lastKnownFileType = sourcecode.c.h; path = DTMDiffHeatmap.h; sourceTree = "<group>"; };
		6CCFD20D25543B61004F4F4B /* DTMHeatmap.m */ = {isa = PBXFileReference; fileEncoding = 4; lastKnownFileType = sourcecode.c.objc; path = DTMHeatmap.m; sourceTree = "<group>"; };
		6CCFD20E25543B61004F4F4B /* NSValue+MKMapPoint.h */ = {isa = PBXFileReference; fileEncoding = 4; lastKnownFileType = sourcecode.c.h; path = "NSValue+MKMapPoint.h"; sourceTree = "<group>"; };
		6CCFD20F25543B61004F4F4B /* DTMHeatmapRenderer.m */ = {isa = PBXFileReference; fileEncoding = 4; lastKnownFileType = sourcecode.c.objc; path = DTMHeatmapRenderer.m; sourceTree = "<group>"; };
		6CCFD2B325543BD1004F4F4B /* DTMDiffColorProvider.h */ = {isa = PBXFileReference; fileEncoding = 4; lastKnownFileType = sourcecode.c.h; path = DTMDiffColorProvider.h; sourceTree = "<group>"; };
		6CCFD2B425543BD1004F4F4B /* DTMDiffColorProvider.m */ = {isa = PBXFileReference; fileEncoding = 4; lastKnownFileType = sourcecode.c.objc; path = DTMDiffColorProvider.m; sourceTree = "<group>"; };
		6CCFD2B525543BD1004F4F4B /* DTMColorProvider.m */ = {isa = PBXFileReference; fileEncoding = 4; lastKnownFileType = sourcecode.c.objc; path = DTMColorProvider.m; sourceTree = "<group>"; };
		6CCFD2B625543BD1004F4F4B /* DTMColorProvider.h */ = {isa = PBXFileReference; fileEncoding = 4; lastKnownFileType = sourcecode.c.h; path = DTMColorProvider.h; sourceTree = "<group>"; };
		6CD7C7BF25503B8D003F7B42 /* CellularInfo.app */ = {isa = PBXFileReference; explicitFileType = wrapper.application; includeInIndex = 0; path = CellularInfo.app; sourceTree = BUILT_PRODUCTS_DIR; };
		6CD7C7C225503B8D003F7B42 /* AppDelegate.swift */ = {isa = PBXFileReference; lastKnownFileType = sourcecode.swift; path = AppDelegate.swift; sourceTree = "<group>"; };
		6CD7C7C425503B8D003F7B42 /* SceneDelegate.swift */ = {isa = PBXFileReference; lastKnownFileType = sourcecode.swift; path = SceneDelegate.swift; sourceTree = "<group>"; };
		6CD7C7C625503B8D003F7B42 /* ContentView.swift */ = {isa = PBXFileReference; lastKnownFileType = sourcecode.swift; path = ContentView.swift; sourceTree = "<group>"; };
		6CD7C7C825503B9C003F7B42 /* Assets.xcassets */ = {isa = PBXFileReference; lastKnownFileType = folder.assetcatalog; path = Assets.xcassets; sourceTree = "<group>"; };
		6CD7C7CB25503B9C003F7B42 /* Preview Assets.xcassets */ = {isa = PBXFileReference; lastKnownFileType = folder.assetcatalog; path = "Preview Assets.xcassets"; sourceTree = "<group>"; };
		6CD7C7CE25503B9C003F7B42 /* Base */ = {isa = PBXFileReference; lastKnownFileType = file.storyboard; name = Base; path = Base.lproj/LaunchScreen.storyboard; sourceTree = "<group>"; };
		6CD7C7D025503B9C003F7B42 /* Info.plist */ = {isa = PBXFileReference; lastKnownFileType = text.plist.xml; path = Info.plist; sourceTree = "<group>"; };
		6CD7C7DC2550422E003F7B42 /* UIDevice.swift */ = {isa = PBXFileReference; lastKnownFileType = sourcecode.swift; path = UIDevice.swift; sourceTree = "<group>"; };
		6CD7C7DF2550423B003F7B42 /* InteractiveMapView.swift */ = {isa = PBXFileReference; lastKnownFileType = sourcecode.swift; path = InteractiveMapView.swift; sourceTree = "<group>"; };
		6CD7C7E225504249003F7B42 /* LocationManager.swift */ = {isa = PBXFileReference; lastKnownFileType = sourcecode.swift; path = LocationManager.swift; sourceTree = "<group>"; };
		6CD7C7E525504349003F7B42 /* CellularAndWifiInformation.swift */ = {isa = PBXFileReference; lastKnownFileType = sourcecode.swift; path = CellularAndWifiInformation.swift; sourceTree = "<group>"; };
		6CD7C7E825510C96003F7B42 /* DetailedView.swift */ = {isa = PBXFileReference; lastKnownFileType = sourcecode.swift; path = DetailedView.swift; sourceTree = "<group>"; };
		6CD7C7F025512F2F003F7B42 /* CellularInfoRelease.entitlements */ = {isa = PBXFileReference; lastKnownFileType = text.plist.entitlements; path = CellularInfoRelease.entitlements; sourceTree = "<group>"; };
		6CD7C7F22551511A003F7B42 /* CellularInfo.entitlements */ = {isa = PBXFileReference; lastKnownFileType = text.plist.entitlements; path = CellularInfo.entitlements; sourceTree = "<group>"; };
/* End PBXFileReference section */

/* Begin PBXFrameworksBuildPhase section */
		6CD7C7BC25503B8D003F7B42 /* Frameworks */ = {
			isa = PBXFrameworksBuildPhase;
			buildActionMask = 2147483647;
			files = (
				6C331B172553D0A500C88CAA /* CloudKit.framework in Frameworks */,
			);
			runOnlyForDeploymentPostprocessing = 0;
		};
/* End PBXFrameworksBuildPhase section */

/* Begin PBXGroup section */
		6C331B152553D0A500C88CAA /* Frameworks */ = {
			isa = PBXGroup;
			children = (
				6C331B162553D0A500C88CAA /* CloudKit.framework */,
			);
			name = Frameworks;
			sourceTree = "<group>";
		};
		6CCFD20825543B61004F4F4B /* Heatmaps */ = {
			isa = PBXGroup;
			children = (
				6CCFD2B625543BD1004F4F4B /* DTMColorProvider.h */,
				6CCFD2B525543BD1004F4F4B /* DTMColorProvider.m */,
				6CCFD2B325543BD1004F4F4B /* DTMDiffColorProvider.h */,
				6CCFD2B425543BD1004F4F4B /* DTMDiffColorProvider.m */,
				6CCFD20725543B61004F4F4B /* DTMHeatmapRenderer.h */,
				6CCFD20F25543B61004F4F4B /* DTMHeatmapRenderer.m */,
				6CCFD20925543B61004F4F4B /* DTMDiffHeatmap.m */,
				6CCFD20A25543B61004F4F4B /* NSValue+MKMapPoint.m */,
				6CCFD20E25543B61004F4F4B /* NSValue+MKMapPoint.h */,
				6CCFD20B25543B61004F4F4B /* DTMHeatmap.h */,
				6CCFD20C25543B61004F4F4B /* DTMDiffHeatmap.h */,
				6CCFD20D25543B61004F4F4B /* DTMHeatmap.m */,
			);
			path = Heatmaps;
			sourceTree = "<group>";
		};
		6CCFD2C52555585A004F4F4B /* PlainPing */ = {
			isa = PBXGroup;
			children = (
				6C331B0B2553CAD700C88CAA /* PlainPing.swift */,
				6C331B0A2553CAD700C88CAA /* SimplePing.h */,
				6C331B0C2553CAD700C88CAA /* SimplePing.m */,
				6C331B092553CAD700C88CAA /* SimplePingAdapter.swift */,
			);
			path = PlainPing;
			sourceTree = "<group>";
		};
		6CCFD2C625555889004F4F4B /* UIDevice */ = {
			isa = PBXGroup;
			children = (
				6CD7C7DC2550422E003F7B42 /* UIDevice.swift */,
			);
			path = UIDevice;
			sourceTree = "<group>";
		};
		6CCFD2C725555897004F4F4B /* CoordinateTransformation */ = {
			isa = PBXGroup;
			children = (
				6CCFD1AE25542B96004F4F4B /* CoordinateTransformation.h */,
				6CCFD1AF25542BE0004F4F4B /* CoordinateTransformation.m */,
			);
			path = CoordinateTransformation;
			sourceTree = "<group>";
		};
		6CCFD2C9255558B0004F4F4B /* View */ = {
			isa = PBXGroup;
			children = (
				6CD7C7C625503B8D003F7B42 /* ContentView.swift */,
				6C6341AF2559167800E98EA8 /* MainTabView.swift */,
				6C6341AA2558E37F00E98EA8 /* InfoCardView.swift */,
				6CD7C7E825510C96003F7B42 /* DetailedView.swift */,
				6CD7C7DF2550423B003F7B42 /* InteractiveMapView.swift */,
				6C331B182553D1E300C88CAA /* FixedMapView.swift */,
			);
			path = View;
			sourceTree = "<group>";
		};
		6CD7C7B625503B8D003F7B42 = {
			isa = PBXGroup;
			children = (
				6CD7C7C125503B8D003F7B42 /* CellularInfo */,
				6CD7C7C025503B8D003F7B42 /* Products */,
				6C331B152553D0A500C88CAA /* Frameworks */,
			);
			sourceTree = "<group>";
		};
		6CD7C7C025503B8D003F7B42 /* Products */ = {
			isa = PBXGroup;
			children = (
				6CD7C7BF25503B8D003F7B42 /* CellularInfo.app */,
			);
			name = Products;
			sourceTree = "<group>";
		};
		6CD7C7C125503B8D003F7B42 /* CellularInfo */ = {
			isa = PBXGroup;
			children = (
				6CD7C7F22551511A003F7B42 /* CellularInfo.entitlements */,
				6CD7C7F025512F2F003F7B42 /* CellularInfoRelease.entitlements */,
				6CD7C7C225503B8D003F7B42 /* AppDelegate.swift */,
				6CD7C7C425503B8D003F7B42 /* SceneDelegate.swift */,
				6CCFD2C9255558B0004F4F4B /* View */,
				6CD7C7E525504349003F7B42 /* CellularAndWifiInformation.swift */,
				6CAB8CC725592D3C0010BD81 /* PingListItem.swift */,
				6C331B1C2553D7C300C88CAA /* FinalDataStructure.swift */,
				6CCFD1A42553DD89004F4F4B /* CloudRelatedStuff.swift */,
				6CD7C7E225504249003F7B42 /* LocationManager.swift */,
				6CD7C7C825503B9C003F7B42 /* Assets.xcassets */,
				6CD7C7CD25503B9C003F7B42 /* LaunchScreen.storyboard */,
				6CD7C7D025503B9C003F7B42 /* Info.plist */,
				6C331AF62552D17A00C88CAA /* CellularInfo-Bridging-Header.h */,
				6CCFD2C725555897004F4F4B /* CoordinateTransformation */,
				6CCFD2C625555889004F4F4B /* UIDevice */,
				6CCFD2C52555585A004F4F4B /* PlainPing */,
				6CCFD20825543B61004F4F4B /* Heatmaps */,
				6CD7C7CA25503B9C003F7B42 /* Preview Content */,
			);
			path = CellularInfo;
			sourceTree = "<group>";
		};
		6CD7C7CA25503B9C003F7B42 /* Preview Content */ = {
			isa = PBXGroup;
			children = (
				6CD7C7CB25503B9C003F7B42 /* Preview Assets.xcassets */,
			);
			path = "Preview Content";
			sourceTree = "<group>";
		};
/* End PBXGroup section */

/* Begin PBXNativeTarget section */
		6CD7C7BE25503B8D003F7B42 /* CellularInfo */ = {
			isa = PBXNativeTarget;
			buildConfigurationList = 6CD7C7D325503B9C003F7B42 /* Build configuration list for PBXNativeTarget "CellularInfo" */;
			buildPhases = (
				6CD7C7BB25503B8D003F7B42 /* Sources */,
				6CD7C7BC25503B8D003F7B42 /* Frameworks */,
				6CD7C7BD25503B8D003F7B42 /* Resources */,
				6C649F19255D23EA00C4423C /* Embed App Clips */,
			);
			buildRules = (
			);
			dependencies = (
			);
			name = CellularInfo;
			productName = CellularInfo;
			productReference = 6CD7C7BF25503B8D003F7B42 /* CellularInfo.app */;
			productType = "com.apple.product-type.application";
		};
/* End PBXNativeTarget section */

/* Begin PBXProject section */
		6CD7C7B725503B8D003F7B42 /* Project object */ = {
			isa = PBXProject;
			attributes = {
				LastSwiftUpdateCheck = 1220;
				LastUpgradeCheck = 1210;
				TargetAttributes = {
					6CD7C7BE25503B8D003F7B42 = {
						CreatedOnToolsVersion = 12.1;
						LastSwiftMigration = 1210;
					};
				};
			};
			buildConfigurationList = 6CD7C7BA25503B8D003F7B42 /* Build configuration list for PBXProject "CellularInfo" */;
			compatibilityVersion = "Xcode 9.3";
			developmentRegion = en;
			hasScannedForEncodings = 0;
			knownRegions = (
				en,
				Base,
			);
			mainGroup = 6CD7C7B625503B8D003F7B42;
			productRefGroup = 6CD7C7C025503B8D003F7B42 /* Products */;
			projectDirPath = "";
			projectRoot = "";
			targets = (
				6CD7C7BE25503B8D003F7B42 /* CellularInfo */,
			);
		};
/* End PBXProject section */

/* Begin PBXResourcesBuildPhase section */
		6CD7C7BD25503B8D003F7B42 /* Resources */ = {
			isa = PBXResourcesBuildPhase;
			buildActionMask = 2147483647;
			files = (
				6CD7C7CF25503B9C003F7B42 /* LaunchScreen.storyboard in Resources */,
				6CD7C7CC25503B9C003F7B42 /* Preview Assets.xcassets in Resources */,
				6CD7C7C925503B9C003F7B42 /* Assets.xcassets in Resources */,
			);
			runOnlyForDeploymentPostprocessing = 0;
		};
/* End PBXResourcesBuildPhase section */

/* Begin PBXSourcesBuildPhase section */
		6CD7C7BB25503B8D003F7B42 /* Sources */ = {
			isa = PBXSourcesBuildPhase;
			buildActionMask = 2147483647;
			files = (
				6CCFD24725543B62004F4F4B /* DTMHeatmap.m in Sources */,
				6C331B0E2553CAD700C88CAA /* PlainPing.swift in Sources */,
				6C331B0D2553CAD700C88CAA /* SimplePingAdapter.swift in Sources */,
				6CD7C7DD2550422E003F7B42 /* UIDevice.swift in Sources */,
				6CD7C7E925510C96003F7B42 /* DetailedView.swift in Sources */,
				6CCFD1B025542BE0004F4F4B /* CoordinateTransformation.m in Sources */,
				6CAB8CC825592D3C0010BD81 /* PingListItem.swift in Sources */,
				6CD7C7E02550423B003F7B42 /* InteractiveMapView.swift in Sources */,
				6CD7C7C325503B8D003F7B42 /* AppDelegate.swift in Sources */,
				6C331B192553D1E300C88CAA /* FixedMapView.swift in Sources */,
				6C6341B02559167800E98EA8 /* MainTabView.swift in Sources */,
				6CD7C7E625504349003F7B42 /* CellularAndWifiInformation.swift in Sources */,
				6CCFD1A52553DD89004F4F4B /* CloudRelatedStuff.swift in Sources */,
				6CCFD24825543B62004F4F4B /* DTMHeatmapRenderer.m in Sources */,
				6C331B0F2553CAD700C88CAA /* SimplePing.m in Sources */,
				6CCFD24525543B62004F4F4B /* DTMDiffHeatmap.m in Sources */,
				6CD7C7E325504249003F7B42 /* LocationManager.swift in Sources */,
				6CD7C7C525503B8D003F7B42 /* SceneDelegate.swift in Sources */,
				6CCFD2B825543BD1004F4F4B /* DTMColorProvider.m in Sources */,
				6C331B1D2553D7C300C88CAA /* FinalDataStructure.swift in Sources */,
				6CCFD2B725543BD1004F4F4B /* DTMDiffColorProvider.m in Sources */,
				6CCFD24625543B62004F4F4B /* NSValue+MKMapPoint.m in Sources */,
				6C6341AB2558E37F00E98EA8 /* InfoCardView.swift in Sources */,
				6CD7C7C725503B8D003F7B42 /* ContentView.swift in Sources */,
			);
			runOnlyForDeploymentPostprocessing = 0;
		};
/* End PBXSourcesBuildPhase section */

/* Begin PBXVariantGroup section */
		6CD7C7CD25503B9C003F7B42 /* LaunchScreen.storyboard */ = {
			isa = PBXVariantGroup;
			children = (
				6CD7C7CE25503B9C003F7B42 /* Base */,
			);
			name = LaunchScreen.storyboard;
			sourceTree = "<group>";
		};
/* End PBXVariantGroup section */

/* Begin XCBuildConfiguration section */
		6CD7C7D125503B9C003F7B42 /* Debug */ = {
			isa = XCBuildConfiguration;
			buildSettings = {
				ALWAYS_SEARCH_USER_PATHS = NO;
				CLANG_ANALYZER_NONNULL = YES;
				CLANG_ANALYZER_NUMBER_OBJECT_CONVERSION = YES_AGGRESSIVE;
				CLANG_CXX_LANGUAGE_STANDARD = "gnu++14";
				CLANG_CXX_LIBRARY = "libc++";
				CLANG_ENABLE_MODULES = YES;
				CLANG_ENABLE_OBJC_ARC = YES;
				CLANG_ENABLE_OBJC_WEAK = YES;
				CLANG_WARN_BLOCK_CAPTURE_AUTORELEASING = YES;
				CLANG_WARN_BOOL_CONVERSION = YES;
				CLANG_WARN_COMMA = YES;
				CLANG_WARN_CONSTANT_CONVERSION = YES;
				CLANG_WARN_DEPRECATED_OBJC_IMPLEMENTATIONS = YES;
				CLANG_WARN_DIRECT_OBJC_ISA_USAGE = YES_ERROR;
				CLANG_WARN_DOCUMENTATION_COMMENTS = YES;
				CLANG_WARN_EMPTY_BODY = YES;
				CLANG_WARN_ENUM_CONVERSION = YES;
				CLANG_WARN_INFINITE_RECURSION = YES;
				CLANG_WARN_INT_CONVERSION = YES;
				CLANG_WARN_NON_LITERAL_NULL_CONVERSION = YES;
				CLANG_WARN_OBJC_IMPLICIT_RETAIN_SELF = YES;
				CLANG_WARN_OBJC_LITERAL_CONVERSION = YES;
				CLANG_WARN_OBJC_ROOT_CLASS = YES_ERROR;
				CLANG_WARN_QUOTED_INCLUDE_IN_FRAMEWORK_HEADER = YES;
				CLANG_WARN_RANGE_LOOP_ANALYSIS = YES;
				CLANG_WARN_STRICT_PROTOTYPES = YES;
				CLANG_WARN_SUSPICIOUS_MOVE = YES;
				CLANG_WARN_UNGUARDED_AVAILABILITY = YES_AGGRESSIVE;
				CLANG_WARN_UNREACHABLE_CODE = YES;
				CLANG_WARN__DUPLICATE_METHOD_MATCH = YES;
				COPY_PHASE_STRIP = NO;
				DEBUG_INFORMATION_FORMAT = dwarf;
				ENABLE_STRICT_OBJC_MSGSEND = YES;
				ENABLE_TESTABILITY = YES;
				GCC_C_LANGUAGE_STANDARD = gnu11;
				GCC_DYNAMIC_NO_PIC = NO;
				GCC_NO_COMMON_BLOCKS = YES;
				GCC_OPTIMIZATION_LEVEL = 0;
				GCC_PREPROCESSOR_DEFINITIONS = (
					"DEBUG=1",
					"$(inherited)",
				);
				GCC_WARN_64_TO_32_BIT_CONVERSION = YES;
				GCC_WARN_ABOUT_RETURN_TYPE = YES_ERROR;
				GCC_WARN_UNDECLARED_SELECTOR = YES;
				GCC_WARN_UNINITIALIZED_AUTOS = YES_AGGRESSIVE;
				GCC_WARN_UNUSED_FUNCTION = YES;
				GCC_WARN_UNUSED_VARIABLE = YES;
				IPHONEOS_DEPLOYMENT_TARGET = 14.1;
				MTL_ENABLE_DEBUG_INFO = INCLUDE_SOURCE;
				MTL_FAST_MATH = YES;
				ONLY_ACTIVE_ARCH = YES;
				SDKROOT = iphoneos;
				SWIFT_ACTIVE_COMPILATION_CONDITIONS = DEBUG;
				SWIFT_OPTIMIZATION_LEVEL = "-Onone";
			};
			name = Debug;
		};
		6CD7C7D225503B9C003F7B42 /* Release */ = {
			isa = XCBuildConfiguration;
			buildSettings = {
				ALWAYS_SEARCH_USER_PATHS = NO;
				CLANG_ANALYZER_NONNULL = YES;
				CLANG_ANALYZER_NUMBER_OBJECT_CONVERSION = YES_AGGRESSIVE;
				CLANG_CXX_LANGUAGE_STANDARD = "gnu++14";
				CLANG_CXX_LIBRARY = "libc++";
				CLANG_ENABLE_MODULES = YES;
				CLANG_ENABLE_OBJC_ARC = YES;
				CLANG_ENABLE_OBJC_WEAK = YES;
				CLANG_WARN_BLOCK_CAPTURE_AUTORELEASING = YES;
				CLANG_WARN_BOOL_CONVERSION = YES;
				CLANG_WARN_COMMA = YES;
				CLANG_WARN_CONSTANT_CONVERSION = YES;
				CLANG_WARN_DEPRECATED_OBJC_IMPLEMENTATIONS = YES;
				CLANG_WARN_DIRECT_OBJC_ISA_USAGE = YES_ERROR;
				CLANG_WARN_DOCUMENTATION_COMMENTS = YES;
				CLANG_WARN_EMPTY_BODY = YES;
				CLANG_WARN_ENUM_CONVERSION = YES;
				CLANG_WARN_INFINITE_RECURSION = YES;
				CLANG_WARN_INT_CONVERSION = YES;
				CLANG_WARN_NON_LITERAL_NULL_CONVERSION = YES;
				CLANG_WARN_OBJC_IMPLICIT_RETAIN_SELF = YES;
				CLANG_WARN_OBJC_LITERAL_CONVERSION = YES;
				CLANG_WARN_OBJC_ROOT_CLASS = YES_ERROR;
				CLANG_WARN_QUOTED_INCLUDE_IN_FRAMEWORK_HEADER = YES;
				CLANG_WARN_RANGE_LOOP_ANALYSIS = YES;
				CLANG_WARN_STRICT_PROTOTYPES = YES;
				CLANG_WARN_SUSPICIOUS_MOVE = YES;
				CLANG_WARN_UNGUARDED_AVAILABILITY = YES_AGGRESSIVE;
				CLANG_WARN_UNREACHABLE_CODE = YES;
				CLANG_WARN__DUPLICATE_METHOD_MATCH = YES;
				COPY_PHASE_STRIP = NO;
				DEBUG_INFORMATION_FORMAT = "dwarf-with-dsym";
				ENABLE_NS_ASSERTIONS = NO;
				ENABLE_STRICT_OBJC_MSGSEND = YES;
				GCC_C_LANGUAGE_STANDARD = gnu11;
				GCC_NO_COMMON_BLOCKS = YES;
				GCC_WARN_64_TO_32_BIT_CONVERSION = YES;
				GCC_WARN_ABOUT_RETURN_TYPE = YES_ERROR;
				GCC_WARN_UNDECLARED_SELECTOR = YES;
				GCC_WARN_UNINITIALIZED_AUTOS = YES_AGGRESSIVE;
				GCC_WARN_UNUSED_FUNCTION = YES;
				GCC_WARN_UNUSED_VARIABLE = YES;
				IPHONEOS_DEPLOYMENT_TARGET = 14.1;
				MTL_ENABLE_DEBUG_INFO = NO;
				MTL_FAST_MATH = YES;
				SDKROOT = iphoneos;
				SWIFT_COMPILATION_MODE = wholemodule;
				SWIFT_OPTIMIZATION_LEVEL = "-O";
				VALIDATE_PRODUCT = YES;
			};
			name = Release;
		};
		6CD7C7D425503B9C003F7B42 /* Debug */ = {
			isa = XCBuildConfiguration;
			buildSettings = {
				ALWAYS_EMBED_SWIFT_STANDARD_LIBRARIES = YES;
				ASSETCATALOG_COMPILER_APPICON_NAME = AppIcon;
				ASSETCATALOG_COMPILER_GLOBAL_ACCENT_COLOR_NAME = AccentColor;
				CLANG_ENABLE_MODULES = YES;
				CODE_SIGN_ENTITLEMENTS = CellularInfo/CellularInfo.entitlements;
				CODE_SIGN_STYLE = Automatic;
				CURRENT_PROJECT_VERSION = 18;
				DEVELOPMENT_ASSET_PATHS = "\"CellularInfo/Preview Content\"";
				DEVELOPMENT_TEAM = 86FF3X5A9M;
				ENABLE_PREVIEWS = YES;
				INFOPLIST_FILE = CellularInfo/Info.plist;
				IPHONEOS_DEPLOYMENT_TARGET = 13.0;
				LD_RUNPATH_SEARCH_PATHS = (
					"$(inherited)",
					"@executable_path/Frameworks",
				);
				PRODUCT_BUNDLE_IDENTIFIER = com.frankseptillion.CellularInfo;
				PRODUCT_NAME = "$(TARGET_NAME)";
				SUPPORTS_MACCATALYST = NO;
				SWIFT_OBJC_BRIDGING_HEADER = "CellularInfo/CellularInfo-Bridging-Header.h";
				SWIFT_OPTIMIZATION_LEVEL = "-Onone";
				SWIFT_VERSION = 5.0;
				TARGETED_DEVICE_FAMILY = "1,2";
			};
			name = Debug;
		};
		6CD7C7D525503B9C003F7B42 /* Release */ = {
			isa = XCBuildConfiguration;
			buildSettings = {
				ALWAYS_EMBED_SWIFT_STANDARD_LIBRARIES = YES;
				ASSETCATALOG_COMPILER_APPICON_NAME = AppIcon;
				ASSETCATALOG_COMPILER_GLOBAL_ACCENT_COLOR_NAME = AccentColor;
				CLANG_ENABLE_MODULES = YES;
				CODE_SIGN_ENTITLEMENTS = CellularInfo/CellularInfoRelease.entitlements;
				CODE_SIGN_STYLE = Automatic;
				CURRENT_PROJECT_VERSION = 18;
				DEVELOPMENT_ASSET_PATHS = "\"CellularInfo/Preview Content\"";
				DEVELOPMENT_TEAM = 86FF3X5A9M;
				ENABLE_PREVIEWS = YES;
				INFOPLIST_FILE = CellularInfo/Info.plist;
				IPHONEOS_DEPLOYMENT_TARGET = 13.0;
				LD_RUNPATH_SEARCH_PATHS = (
					"$(inherited)",
					"@executable_path/Frameworks",
				);
				PRODUCT_BUNDLE_IDENTIFIER = com.frankseptillion.CellularInfo;
				PRODUCT_NAME = "$(TARGET_NAME)";
				SUPPORTS_MACCATALYST = NO;
				SWIFT_OBJC_BRIDGING_HEADER = "CellularInfo/CellularInfo-Bridging-Header.h";
				SWIFT_VERSION = 5.0;
				TARGETED_DEVICE_FAMILY = "1,2";
			};
			name = Release;
		};
/* End XCBuildConfiguration section */

/* Begin XCConfigurationList section */
		6CD7C7BA25503B8D003F7B42 /* Build configuration list for PBXProject "CellularInfo" */ = {
			isa = XCConfigurationList;
			buildConfigurations = (
				6CD7C7D125503B9C003F7B42 /* Debug */,
				6CD7C7D225503B9C003F7B42 /* Release */,
			);
			defaultConfigurationIsVisible = 0;
			defaultConfigurationName = Release;
		};
		6CD7C7D325503B9C003F7B42 /* Build configuration list for PBXNativeTarget "CellularInfo" */ = {
			isa = XCConfigurationList;
			buildConfigurations = (
				6CD7C7D425503B9C003F7B42 /* Debug */,
				6CD7C7D525503B9C003F7B42 /* Release */,
			);
			defaultConfigurationIsVisible = 0;
			defaultConfigurationName = Release;
		};
/* End XCConfigurationList section */
	};
	rootObject = 6CD7C7B725503B8D003F7B42 /* Project object */;
}
